
Microsoft Visual Studio Solution File, Format Version 12.00
# Visual Studio 15
VisualStudioVersion = 15.0.27703.2026
MinimumVisualStudioVersion = 10.0.40219.1
Project("{FAE04EC0-301F-11D3-BF4B-00C04F79EFBC}") = "EventManager", "EventManager\EventManager.csproj", "{36CBDFA9-41F3-4FA7-AA32-6511620EB23E}"
EndProject
Project("{FAE04EC0-301F-11D3-BF4B-00C04F79EFBC}") = "DataAccess", "DataAccess\DataAccess.csproj", "{E4B713C4-29FB-4B3D-85A7-1236C7FB46D8}"
EndProject
Project("{FAE04EC0-301F-11D3-BF4B-00C04F79EFBC}") = "Repositories", "Repositories\Repositories.csproj", "{95C2D450-6B75-4BAF-93E2-CA9B9129C6D7}"
EndProject
Global
	GlobalSection(SolutionConfigurationPlatforms) = preSolution
		Debug|Any CPU = Debug|Any CPU
		Release|Any CPU = Release|Any CPU
	EndGlobalSection
	GlobalSection(ProjectConfigurationPlatforms) = postSolution
		{36CBDFA9-41F3-4FA7-AA32-6511620EB23E}.Debug|Any CPU.ActiveCfg = Debug|Any CPU
		{36CBDFA9-41F3-4FA7-AA32-6511620EB23E}.Debug|Any CPU.Build.0 = Debug|Any CPU
		{36CBDFA9-41F3-4FA7-AA32-6511620EB23E}.Release|Any CPU.ActiveCfg = Release|Any CPU
		{36CBDFA9-41F3-4FA7-AA32-6511620EB23E}.Release|Any CPU.Build.0 = Release|Any CPU
		{E4B713C4-29FB-4B3D-85A7-1236C7FB46D8}.Debug|Any CPU.ActiveCfg = Debug|Any CPU
		{E4B713C4-29FB-4B3D-85A7-1236C7FB46D8}.Debug|Any CPU.Build.0 = Debug|Any CPU
		{E4B713C4-29FB-4B3D-85A7-1236C7FB46D8}.Release|Any CPU.ActiveCfg = Release|Any CPU
		{E4B713C4-29FB-4B3D-85A7-1236C7FB46D8}.Release|Any CPU.Build.0 = Release|Any CPU
		{95C2D450-6B75-4BAF-93E2-CA9B9129C6D7}.Debug|Any CPU.ActiveCfg = Debug|Any CPU
		{95C2D450-6B75-4BAF-93E2-CA9B9129C6D7}.Debug|Any CPU.Build.0 = Debug|Any CPU
		{95C2D450-6B75-4BAF-93E2-CA9B9129C6D7}.Release|Any CPU.ActiveCfg = Release|Any CPU
		{95C2D450-6B75-4BAF-93E2-CA9B9129C6D7}.Release|Any CPU.Build.0 = Release|Any CPU
	EndGlobalSection
	GlobalSection(SolutionProperties) = preSolution
		HideSolutionNode = FALSE
	EndGlobalSection
	GlobalSection(ExtensibilityGlobals) = postSolution
		SolutionGuid = {56774E2E-480D-4A04-88B5-1D83516155C8}
	EndGlobalSection
EndGlobal
