
Microsoft Visual Studio Solution File, Format Version 12.00
# Visual Studio 15
VisualStudioVersion = 15.0.27703.2026
MinimumVisualStudioVersion = 10.0.40219.1
Project("{9A19103F-16F7-4668-BE54-9A1E7A4F7556}") = "Services", "Services\Services.csproj", "{07554AEE-A9F5-400A-B606-33301C28CA86}"
EndProject
Project("{9A19103F-16F7-4668-BE54-9A1E7A4F7556}") = "Repositories", "Repositories\Repositories.csproj", "{20FAF865-0D64-4F1B-B349-06F5019B903F}"
EndProject
Project("{9A19103F-16F7-4668-BE54-9A1E7A4F7556}") = "DataAccess", "DataAccess\DataAccess.csproj", "{BFCDFB61-0F52-4EA0-BD58-64E6F08BDFDC}"
EndProject
Project("{FAE04EC0-301F-11D3-BF4B-00C04F79EFBC}") = "EventManagerWebApi", "EventManagerWebApi\EventManagerWebApi.csproj", "{B02968A5-105E-4543-890D-D441736CAD6A}"
EndProject
Global
	GlobalSection(SolutionConfigurationPlatforms) = preSolution
		Debug|Any CPU = Debug|Any CPU
		Release|Any CPU = Release|Any CPU
	EndGlobalSection
	GlobalSection(ProjectConfigurationPlatforms) = postSolution
		{07554AEE-A9F5-400A-B606-33301C28CA86}.Debug|Any CPU.ActiveCfg = Debug|Any CPU
		{07554AEE-A9F5-400A-B606-33301C28CA86}.Debug|Any CPU.Build.0 = Debug|Any CPU
		{07554AEE-A9F5-400A-B606-33301C28CA86}.Release|Any CPU.ActiveCfg = Release|Any CPU
		{07554AEE-A9F5-400A-B606-33301C28CA86}.Release|Any CPU.Build.0 = Release|Any CPU
		{20FAF865-0D64-4F1B-B349-06F5019B903F}.Debug|Any CPU.ActiveCfg = Debug|Any CPU
		{20FAF865-0D64-4F1B-B349-06F5019B903F}.Debug|Any CPU.Build.0 = Debug|Any CPU
		{20FAF865-0D64-4F1B-B349-06F5019B903F}.Release|Any CPU.ActiveCfg = Release|Any CPU
		{20FAF865-0D64-4F1B-B349-06F5019B903F}.Release|Any CPU.Build.0 = Release|Any CPU
		{BFCDFB61-0F52-4EA0-BD58-64E6F08BDFDC}.Debug|Any CPU.ActiveCfg = Debug|Any CPU
		{BFCDFB61-0F52-4EA0-BD58-64E6F08BDFDC}.Debug|Any CPU.Build.0 = Debug|Any CPU
		{BFCDFB61-0F52-4EA0-BD58-64E6F08BDFDC}.Release|Any CPU.ActiveCfg = Release|Any CPU
		{BFCDFB61-0F52-4EA0-BD58-64E6F08BDFDC}.Release|Any CPU.Build.0 = Release|Any CPU
		{B02968A5-105E-4543-890D-D441736CAD6A}.Debug|Any CPU.ActiveCfg = Debug|Any CPU
		{B02968A5-105E-4543-890D-D441736CAD6A}.Debug|Any CPU.Build.0 = Debug|Any CPU
		{B02968A5-105E-4543-890D-D441736CAD6A}.Release|Any CPU.ActiveCfg = Release|Any CPU
		{B02968A5-105E-4543-890D-D441736CAD6A}.Release|Any CPU.Build.0 = Release|Any CPU
	EndGlobalSection
	GlobalSection(SolutionProperties) = preSolution
		HideSolutionNode = FALSE
	EndGlobalSection
	GlobalSection(ExtensibilityGlobals) = postSolution
		SolutionGuid = {56774E2E-480D-4A04-88B5-1D83516155C8}
	EndGlobalSection
EndGlobal
